// !$*UTF8*$!
{
	archiveVersion = 1;
	classes = {
	};
	objectVersion = 48;
	objects = {

/* Begin PBXBuildFile section */
		452AE32221D4F10E00B6AAC2 /* CGFloat+Extensions.swift in Sources */ = {isa = PBXBuildFile; fileRef = 452AE31621D4F10E00B6AAC2 /* CGFloat+Extensions.swift */; };
		452AE32321D4F10E00B6AAC2 /* CGPoint+Extensions.swift in Sources */ = {isa = PBXBuildFile; fileRef = 452AE31721D4F10E00B6AAC2 /* CGPoint+Extensions.swift */; };
		452AE32421D4F10E00B6AAC2 /* CGVector+Extensions.swift in Sources */ = {isa = PBXBuildFile; fileRef = 452AE31821D4F10E00B6AAC2 /* CGVector+Extensions.swift */; };
		452AE32521D4F10E00B6AAC2 /* Int+Extensions.swift in Sources */ = {isa = PBXBuildFile; fileRef = 452AE31921D4F10E00B6AAC2 /* Int+Extensions.swift */; };
		452AE32621D4F10E00B6AAC2 /* SKAction+Extensions.swift in Sources */ = {isa = PBXBuildFile; fileRef = 452AE31A21D4F10E00B6AAC2 /* SKAction+Extensions.swift */; };
		452AE32721D4F10E00B6AAC2 /* SKAction+SpecialEffects.swift in Sources */ = {isa = PBXBuildFile; fileRef = 452AE31B21D4F10E00B6AAC2 /* SKAction+SpecialEffects.swift */; };
		452AE32821D4F10E00B6AAC2 /* SKColor+Extensions.swift in Sources */ = {isa = PBXBuildFile; fileRef = 452AE31C21D4F10E00B6AAC2 /* SKColor+Extensions.swift */; };
		452AE32921D4F10E00B6AAC2 /* SKNode+Extensions.swift in Sources */ = {isa = PBXBuildFile; fileRef = 452AE31D21D4F10E00B6AAC2 /* SKNode+Extensions.swift */; };
		452AE32A21D4F10E00B6AAC2 /* SKTAudio.swift in Sources */ = {isa = PBXBuildFile; fileRef = 452AE31E21D4F10E00B6AAC2 /* SKTAudio.swift */; };
		452AE32B21D4F10E00B6AAC2 /* SKTEffects.swift in Sources */ = {isa = PBXBuildFile; fileRef = 452AE31F21D4F10E00B6AAC2 /* SKTEffects.swift */; };
		452AE32C21D4F10E00B6AAC2 /* SKTTimingFunctions.swift in Sources */ = {isa = PBXBuildFile; fileRef = 452AE32021D4F10E00B6AAC2 /* SKTTimingFunctions.swift */; };
		452AE32D21D4F10E00B6AAC2 /* Vector3.swift in Sources */ = {isa = PBXBuildFile; fileRef = 452AE32121D4F10E00B6AAC2 /* Vector3.swift */; };
		452AE33021D4F42300B6AAC2 /* Platform5Across.sks in Resources */ = {isa = PBXBuildFile; fileRef = 452AE32F21D4F42300B6AAC2 /* Platform5Across.sks */; };
		452AE33221D4F4EE00B6AAC2 /* CoinArrow.sks in Resources */ = {isa = PBXBuildFile; fileRef = 452AE33121D4F4EE00B6AAC2 /* CoinArrow.sks */; };
		4569D2AE21D5B265004495BC /* Break5Across.sks in Resources */ = {isa = PBXBuildFile; fileRef = 4569D2AD21D5B265004495BC /* Break5Across.sks */; };
		4569D2E621D5B5D0004495BC /* BreakDiagonal.sks in Resources */ = {isa = PBXBuildFile; fileRef = 4569D2DB21D5B5CE004495BC /* BreakDiagonal.sks */; };
		4569D2E721D5B5D0004495BC /* CoinSArrow.sks in Resources */ = {isa = PBXBuildFile; fileRef = 4569D2DC21D5B5CF004495BC /* CoinSArrow.sks */; };
		4569D2E821D5B5D0004495BC /* CoinDiagonal.sks in Resources */ = {isa = PBXBuildFile; fileRef = 4569D2DD21D5B5CF004495BC /* CoinDiagonal.sks */; };
		4569D2E921D5B5D0004495BC /* BreakArrow.sks in Resources */ = {isa = PBXBuildFile; fileRef = 4569D2DE21D5B5CF004495BC /* BreakArrow.sks */; };
		4569D2EA21D5B5D0004495BC /* CoinCross.sks in Resources */ = {isa = PBXBuildFile; fileRef = 4569D2DF21D5B5CF004495BC /* CoinCross.sks */; };
		4569D2EB21D5B5D0004495BC /* CoinS5Across.sks in Resources */ = {isa = PBXBuildFile; fileRef = 4569D2E021D5B5CF004495BC /* CoinS5Across.sks */; };
		4569D2EC21D5B5D0004495BC /* PlatformDiagonal.sks in Resources */ = {isa = PBXBuildFile; fileRef = 4569D2E121D5B5CF004495BC /* PlatformDiagonal.sks */; };
		4569D2ED21D5B5D0004495BC /* CoinSCross.sks in Resources */ = {isa = PBXBuildFile; fileRef = 4569D2E221D5B5CF004495BC /* CoinSCross.sks */; };
		4569D2EE21D5B5D0004495BC /* PlatformArrow.sks in Resources */ = {isa = PBXBuildFile; fileRef = 4569D2E321D5B5CF004495BC /* PlatformArrow.sks */; };
		4569D2EF21D5B5D0004495BC /* Coin5Across.sks in Resources */ = {isa = PBXBuildFile; fileRef = 4569D2E421D5B5CF004495BC /* Coin5Across.sks */; };
		4569D2F021D5B5D0004495BC /* CoinSDiagonal.sks in Resources */ = {isa = PBXBuildFile; fileRef = 4569D2E521D5B5D0004495BC /* CoinSDiagonal.sks */; };
		45B3978421D4EA54002B2E54 /* AppDelegate.swift in Sources */ = {isa = PBXBuildFile; fileRef = 45B3978321D4EA54002B2E54 /* AppDelegate.swift */; };
		45B3978621D4EA54002B2E54 /* GameScene.sks in Resources */ = {isa = PBXBuildFile; fileRef = 45B3978521D4EA54002B2E54 /* GameScene.sks */; };
		45B3978821D4EA54002B2E54 /* Actions.sks in Resources */ = {isa = PBXBuildFile; fileRef = 45B3978721D4EA54002B2E54 /* Actions.sks */; };
		45B3978A21D4EA54002B2E54 /* GameScene.swift in Sources */ = {isa = PBXBuildFile; fileRef = 45B3978921D4EA54002B2E54 /* GameScene.swift */; };
		45B3978C21D4EA54002B2E54 /* GameViewController.swift in Sources */ = {isa = PBXBuildFile; fileRef = 45B3978B21D4EA54002B2E54 /* GameViewController.swift */; };
		45B3978F21D4EA54002B2E54 /* Main.storyboard in Resources */ = {isa = PBXBuildFile; fileRef = 45B3978D21D4EA54002B2E54 /* Main.storyboard */; };
		45B3979121D4EA54002B2E54 /* Assets.xcassets in Resources */ = {isa = PBXBuildFile; fileRef = 45B3979021D4EA54002B2E54 /* Assets.xcassets */; };
		45B3979421D4EA54002B2E54 /* LaunchScreen.storyboard in Resources */ = {isa = PBXBuildFile; fileRef = 45B3979221D4EA54002B2E54 /* LaunchScreen.storyboard */; };
		45B3979F21D4EA54002B2E54 /* DropChargeTests.swift in Sources */ = {isa = PBXBuildFile; fileRef = 45B3979E21D4EA54002B2E54 /* DropChargeTests.swift */; };
		45B397AA21D4EA54002B2E54 /* DropChargeUITests.swift in Sources */ = {isa = PBXBuildFile; fileRef = 45B397A921D4EA54002B2E54 /* DropChargeUITests.swift */; };
/* End PBXBuildFile section */

/* Begin PBXContainerItemProxy section */
		45B3979B21D4EA54002B2E54 /* PBXContainerItemProxy */ = {
			isa = PBXContainerItemProxy;
			containerPortal = 45B3977821D4EA53002B2E54 /* Project object */;
			proxyType = 1;
			remoteGlobalIDString = 45B3977F21D4EA53002B2E54;
			remoteInfo = DropCharge;
		};
		45B397A621D4EA54002B2E54 /* PBXContainerItemProxy */ = {
			isa = PBXContainerItemProxy;
			containerPortal = 45B3977821D4EA53002B2E54 /* Project object */;
			proxyType = 1;
			remoteGlobalIDString = 45B3977F21D4EA53002B2E54;
			remoteInfo = DropCharge;
		};
/* End PBXContainerItemProxy section */

/* Begin PBXFileReference section */
		452AE31621D4F10E00B6AAC2 /* CGFloat+Extensions.swift */ = {isa = PBXFileReference; fileEncoding = 4; lastKnownFileType = sourcecode.swift; path = "CGFloat+Extensions.swift"; sourceTree = "<group>"; };
		452AE31721D4F10E00B6AAC2 /* CGPoint+Extensions.swift */ = {isa = PBXFileReference; fileEncoding = 4; lastKnownFileType = sourcecode.swift; path = "CGPoint+Extensions.swift"; sourceTree = "<group>"; };
		452AE31821D4F10E00B6AAC2 /* CGVector+Extensions.swift */ = {isa = PBXFileReference; fileEncoding = 4; lastKnownFileType = sourcecode.swift; path = "CGVector+Extensions.swift"; sourceTree = "<group>"; };
		452AE31921D4F10E00B6AAC2 /* Int+Extensions.swift */ = {isa = PBXFileReference; fileEncoding = 4; lastKnownFileType = sourcecode.swift; path = "Int+Extensions.swift"; sourceTree = "<group>"; };
		452AE31A21D4F10E00B6AAC2 /* SKAction+Extensions.swift */ = {isa = PBXFileReference; fileEncoding = 4; lastKnownFileType = sourcecode.swift; path = "SKAction+Extensions.swift"; sourceTree = "<group>"; };
		452AE31B21D4F10E00B6AAC2 /* SKAction+SpecialEffects.swift */ = {isa = PBXFileReference; fileEncoding = 4; lastKnownFileType = sourcecode.swift; path = "SKAction+SpecialEffects.swift"; sourceTree = "<group>"; };
		452AE31C21D4F10E00B6AAC2 /* SKColor+Extensions.swift */ = {isa = PBXFileReference; fileEncoding = 4; lastKnownFileType = sourcecode.swift; path = "SKColor+Extensions.swift"; sourceTree = "<group>"; };
		452AE31D21D4F10E00B6AAC2 /* SKNode+Extensions.swift */ = {isa = PBXFileReference; fileEncoding = 4; lastKnownFileType = sourcecode.swift; path = "SKNode+Extensions.swift"; sourceTree = "<group>"; };
		452AE31E21D4F10E00B6AAC2 /* SKTAudio.swift */ = {isa = PBXFileReference; fileEncoding = 4; lastKnownFileType = sourcecode.swift; path = SKTAudio.swift; sourceTree = "<group>"; };
		452AE31F21D4F10E00B6AAC2 /* SKTEffects.swift */ = {isa = PBXFileReference; fileEncoding = 4; lastKnownFileType = sourcecode.swift; path = SKTEffects.swift; sourceTree = "<group>"; };
		452AE32021D4F10E00B6AAC2 /* SKTTimingFunctions.swift */ = {isa = PBXFileReference; fileEncoding = 4; lastKnownFileType = sourcecode.swift; path = SKTTimingFunctions.swift; sourceTree = "<group>"; };
		452AE32121D4F10E00B6AAC2 /* Vector3.swift */ = {isa = PBXFileReference; fileEncoding = 4; lastKnownFileType = sourcecode.swift; path = Vector3.swift; sourceTree = "<group>"; };
		452AE32F21D4F42300B6AAC2 /* Platform5Across.sks */ = {isa = PBXFileReference; lastKnownFileType = file.sks; path = Platform5Across.sks; sourceTree = "<group>"; };
		452AE33121D4F4EE00B6AAC2 /* CoinArrow.sks */ = {isa = PBXFileReference; lastKnownFileType = file.sks; path = CoinArrow.sks; sourceTree = "<group>"; };
		4569D2AD21D5B265004495BC /* Break5Across.sks */ = {isa = PBXFileReference; lastKnownFileType = file.sks; path = Break5Across.sks; sourceTree = "<group>"; };
		4569D2DB21D5B5CE004495BC /* BreakDiagonal.sks */ = {isa = PBXFileReference; lastKnownFileType = file.sks; path = BreakDiagonal.sks; sourceTree = "<group>"; };
		4569D2DC21D5B5CF004495BC /* CoinSArrow.sks */ = {isa = PBXFileReference; lastKnownFileType = file.sks; path = CoinSArrow.sks; sourceTree = "<group>"; };
		4569D2DD21D5B5CF004495BC /* CoinDiagonal.sks */ = {isa = PBXFileReference; lastKnownFileType = file.sks; path = CoinDiagonal.sks; sourceTree = "<group>"; };
		4569D2DE21D5B5CF004495BC /* BreakArrow.sks */ = {isa = PBXFileReference; lastKnownFileType = file.sks; path = BreakArrow.sks; sourceTree = "<group>"; };
		4569D2DF21D5B5CF004495BC /* CoinCross.sks */ = {isa = PBXFileReference; lastKnownFileType = file.sks; path = CoinCross.sks; sourceTree = "<group>"; };
		4569D2E021D5B5CF004495BC /* CoinS5Across.sks */ = {isa = PBXFileReference; lastKnownFileType = file.sks; path = CoinS5Across.sks; sourceTree = "<group>"; };
		4569D2E121D5B5CF004495BC /* PlatformDiagonal.sks */ = {isa = PBXFileReference; lastKnownFileType = file.sks; path = PlatformDiagonal.sks; sourceTree = "<group>"; };
		4569D2E221D5B5CF004495BC /* CoinSCross.sks */ = {isa = PBXFileReference; lastKnownFileType = file.sks; path = CoinSCross.sks; sourceTree = "<group>"; };
		4569D2E321D5B5CF004495BC /* PlatformArrow.sks */ = {isa = PBXFileReference; lastKnownFileType = file.sks; path = PlatformArrow.sks; sourceTree = "<group>"; };
		4569D2E421D5B5CF004495BC /* Coin5Across.sks */ = {isa = PBXFileReference; lastKnownFileType = file.sks; path = Coin5Across.sks; sourceTree = "<group>"; };
		4569D2E521D5B5D0004495BC /* CoinSDiagonal.sks */ = {isa = PBXFileReference; lastKnownFileType = file.sks; path = CoinSDiagonal.sks; sourceTree = "<group>"; };
		45B3978021D4EA54002B2E54 /* DropCharge.app */ = {isa = PBXFileReference; explicitFileType = wrapper.application; includeInIndex = 0; path = DropCharge.app; sourceTree = BUILT_PRODUCTS_DIR; };
		45B3978321D4EA54002B2E54 /* AppDelegate.swift */ = {isa = PBXFileReference; lastKnownFileType = sourcecode.swift; path = AppDelegate.swift; sourceTree = "<group>"; };
		45B3978521D4EA54002B2E54 /* GameScene.sks */ = {isa = PBXFileReference; lastKnownFileType = file.sks; path = GameScene.sks; sourceTree = "<group>"; };
		45B3978721D4EA54002B2E54 /* Actions.sks */ = {isa = PBXFileReference; lastKnownFileType = file.sks; path = Actions.sks; sourceTree = "<group>"; };
		45B3978921D4EA54002B2E54 /* GameScene.swift */ = {isa = PBXFileReference; lastKnownFileType = sourcecode.swift; path = GameScene.swift; sourceTree = "<group>"; };
		45B3978B21D4EA54002B2E54 /* GameViewController.swift */ = {isa = PBXFileReference; lastKnownFileType = sourcecode.swift; path = GameViewController.swift; sourceTree = "<group>"; };
		45B3978E21D4EA54002B2E54 /* Base */ = {isa = PBXFileReference; lastKnownFileType = file.storyboard; name = Base; path = Base.lproj/Main.storyboard; sourceTree = "<group>"; };
		45B3979021D4EA54002B2E54 /* Assets.xcassets */ = {isa = PBXFileReference; lastKnownFileType = folder.assetcatalog; path = Assets.xcassets; sourceTree = "<group>"; };
		45B3979321D4EA54002B2E54 /* Base */ = {isa = PBXFileReference; lastKnownFileType = file.storyboard; name = Base; path = Base.lproj/LaunchScreen.storyboard; sourceTree = "<group>"; };
		45B3979521D4EA54002B2E54 /* Info.plist */ = {isa = PBXFileReference; lastKnownFileType = text.plist.xml; path = Info.plist; sourceTree = "<group>"; };
		45B3979A21D4EA54002B2E54 /* DropChargeTests.xctest */ = {isa = PBXFileReference; explicitFileType = wrapper.cfbundle; includeInIndex = 0; path = DropChargeTests.xctest; sourceTree = BUILT_PRODUCTS_DIR; };
		45B3979E21D4EA54002B2E54 /* DropChargeTests.swift */ = {isa = PBXFileReference; lastKnownFileType = sourcecode.swift; path = DropChargeTests.swift; sourceTree = "<group>"; };
		45B397A021D4EA54002B2E54 /* Info.plist */ = {isa = PBXFileReference; lastKnownFileType = text.plist.xml; path = Info.plist; sourceTree = "<group>"; };
		45B397A521D4EA54002B2E54 /* DropChargeUITests.xctest */ = {isa = PBXFileReference; explicitFileType = wrapper.cfbundle; includeInIndex = 0; path = DropChargeUITests.xctest; sourceTree = BUILT_PRODUCTS_DIR; };
		45B397A921D4EA54002B2E54 /* DropChargeUITests.swift */ = {isa = PBXFileReference; lastKnownFileType = sourcecode.swift; path = DropChargeUITests.swift; sourceTree = "<group>"; };
		45B397AB21D4EA54002B2E54 /* Info.plist */ = {isa = PBXFileReference; lastKnownFileType = text.plist.xml; path = Info.plist; sourceTree = "<group>"; };
/* End PBXFileReference section */

/* Begin PBXFrameworksBuildPhase section */
		45B3977D21D4EA53002B2E54 /* Frameworks */ = {
			isa = PBXFrameworksBuildPhase;
			buildActionMask = 2147483647;
			files = (
			);
			runOnlyForDeploymentPostprocessing = 0;
		};
		45B3979721D4EA54002B2E54 /* Frameworks */ = {
			isa = PBXFrameworksBuildPhase;
			buildActionMask = 2147483647;
			files = (
			);
			runOnlyForDeploymentPostprocessing = 0;
		};
		45B397A221D4EA54002B2E54 /* Frameworks */ = {
			isa = PBXFrameworksBuildPhase;
			buildActionMask = 2147483647;
			files = (
			);
			runOnlyForDeploymentPostprocessing = 0;
		};
/* End PBXFrameworksBuildPhase section */

/* Begin PBXGroup section */
		452AE31521D4F10E00B6AAC2 /* SKTUtils */ = {
			isa = PBXGroup;
			children = (
				452AE31621D4F10E00B6AAC2 /* CGFloat+Extensions.swift */,
				452AE31721D4F10E00B6AAC2 /* CGPoint+Extensions.swift */,
				452AE31821D4F10E00B6AAC2 /* CGVector+Extensions.swift */,
				452AE31921D4F10E00B6AAC2 /* Int+Extensions.swift */,
				452AE31A21D4F10E00B6AAC2 /* SKAction+Extensions.swift */,
				452AE31B21D4F10E00B6AAC2 /* SKAction+SpecialEffects.swift */,
				452AE31C21D4F10E00B6AAC2 /* SKColor+Extensions.swift */,
				452AE31D21D4F10E00B6AAC2 /* SKNode+Extensions.swift */,
				452AE31E21D4F10E00B6AAC2 /* SKTAudio.swift */,
				452AE31F21D4F10E00B6AAC2 /* SKTEffects.swift */,
				452AE32021D4F10E00B6AAC2 /* SKTTimingFunctions.swift */,
				452AE32121D4F10E00B6AAC2 /* Vector3.swift */,
			);
			path = SKTUtils;
			sourceTree = "<group>";
		};
		452AE32E21D4F40C00B6AAC2 /* Scene Files */ = {
			isa = PBXGroup;
			children = (
				4569D2DE21D5B5CF004495BC /* BreakArrow.sks */,
				4569D2DB21D5B5CE004495BC /* BreakDiagonal.sks */,
				4569D2AD21D5B265004495BC /* Break5Across.sks */,
				4569D2E421D5B5CF004495BC /* Coin5Across.sks */,
				4569D2DF21D5B5CF004495BC /* CoinCross.sks */,
				4569D2DD21D5B5CF004495BC /* CoinDiagonal.sks */,
				4569D2E021D5B5CF004495BC /* CoinS5Across.sks */,
				4569D2DC21D5B5CF004495BC /* CoinSArrow.sks */,
				4569D2E221D5B5CF004495BC /* CoinSCross.sks */,
				4569D2E521D5B5D0004495BC /* CoinSDiagonal.sks */,
				452AE33121D4F4EE00B6AAC2 /* CoinArrow.sks */,
				4569D2E321D5B5CF004495BC /* PlatformArrow.sks */,
				4569D2E121D5B5CF004495BC /* PlatformDiagonal.sks */,
				452AE32F21D4F42300B6AAC2 /* Platform5Across.sks */,
			);
			path = "Scene Files";
			sourceTree = "<group>";
		};
		45B3977721D4EA53002B2E54 = {
			isa = PBXGroup;
			children = (
				452AE31521D4F10E00B6AAC2 /* SKTUtils */,
				45B3978221D4EA54002B2E54 /* DropCharge */,
				45B3979D21D4EA54002B2E54 /* DropChargeTests */,
				45B397A821D4EA54002B2E54 /* DropChargeUITests */,
				45B3978121D4EA54002B2E54 /* Products */,
			);
			sourceTree = "<group>";
		};
		45B3978121D4EA54002B2E54 /* Products */ = {
			isa = PBXGroup;
			children = (
				45B3978021D4EA54002B2E54 /* DropCharge.app */,
				45B3979A21D4EA54002B2E54 /* DropChargeTests.xctest */,
				45B397A521D4EA54002B2E54 /* DropChargeUITests.xctest */,
			);
			name = Products;
			sourceTree = "<group>";
		};
		45B3978221D4EA54002B2E54 /* DropCharge */ = {
			isa = PBXGroup;
			children = (
				452AE32E21D4F40C00B6AAC2 /* Scene Files */,
				45B3978321D4EA54002B2E54 /* AppDelegate.swift */,
				45B3978721D4EA54002B2E54 /* Actions.sks */,
				45B3978521D4EA54002B2E54 /* GameScene.sks */,
				45B3978921D4EA54002B2E54 /* GameScene.swift */,
				45B3978B21D4EA54002B2E54 /* GameViewController.swift */,
				45B3978D21D4EA54002B2E54 /* Main.storyboard */,
				45B3979021D4EA54002B2E54 /* Assets.xcassets */,
				45B3979221D4EA54002B2E54 /* LaunchScreen.storyboard */,
				45B3979521D4EA54002B2E54 /* Info.plist */,
			);
			path = DropCharge;
			sourceTree = "<group>";
		};
		45B3979D21D4EA54002B2E54 /* DropChargeTests */ = {
			isa = PBXGroup;
			children = (
				45B3979E21D4EA54002B2E54 /* DropChargeTests.swift */,
				45B397A021D4EA54002B2E54 /* Info.plist */,
			);
			path = DropChargeTests;
			sourceTree = "<group>";
		};
		45B397A821D4EA54002B2E54 /* DropChargeUITests */ = {
			isa = PBXGroup;
			children = (
				45B397A921D4EA54002B2E54 /* DropChargeUITests.swift */,
				45B397AB21D4EA54002B2E54 /* Info.plist */,
			);
			path = DropChargeUITests;
			sourceTree = "<group>";
		};
/* End PBXGroup section */

/* Begin PBXNativeTarget section */
		45B3977F21D4EA53002B2E54 /* DropCharge */ = {
			isa = PBXNativeTarget;
			buildConfigurationList = 45B397AE21D4EA54002B2E54 /* Build configuration list for PBXNativeTarget "DropCharge" */;
			buildPhases = (
				45B3977C21D4EA53002B2E54 /* Sources */,
				45B3977D21D4EA53002B2E54 /* Frameworks */,
				45B3977E21D4EA53002B2E54 /* Resources */,
			);
			buildRules = (
			);
			dependencies = (
			);
			name = DropCharge;
			productName = DropCharge;
			productReference = 45B3978021D4EA54002B2E54 /* DropCharge.app */;
			productType = "com.apple.product-type.application";
		};
		45B3979921D4EA54002B2E54 /* DropChargeTests */ = {
			isa = PBXNativeTarget;
			buildConfigurationList = 45B397B121D4EA54002B2E54 /* Build configuration list for PBXNativeTarget "DropChargeTests" */;
			buildPhases = (
				45B3979621D4EA54002B2E54 /* Sources */,
				45B3979721D4EA54002B2E54 /* Frameworks */,
				45B3979821D4EA54002B2E54 /* Resources */,
			);
			buildRules = (
			);
			dependencies = (
				45B3979C21D4EA54002B2E54 /* PBXTargetDependency */,
			);
			name = DropChargeTests;
			productName = DropChargeTests;
			productReference = 45B3979A21D4EA54002B2E54 /* DropChargeTests.xctest */;
			productType = "com.apple.product-type.bundle.unit-test";
		};
		45B397A421D4EA54002B2E54 /* DropChargeUITests */ = {
			isa = PBXNativeTarget;
			buildConfigurationList = 45B397B421D4EA54002B2E54 /* Build configuration list for PBXNativeTarget "DropChargeUITests" */;
			buildPhases = (
				45B397A121D4EA54002B2E54 /* Sources */,
				45B397A221D4EA54002B2E54 /* Frameworks */,
				45B397A321D4EA54002B2E54 /* Resources */,
			);
			buildRules = (
			);
			dependencies = (
				45B397A721D4EA54002B2E54 /* PBXTargetDependency */,
			);
			name = DropChargeUITests;
			productName = DropChargeUITests;
			productReference = 45B397A521D4EA54002B2E54 /* DropChargeUITests.xctest */;
			productType = "com.apple.product-type.bundle.ui-testing";
		};
/* End PBXNativeTarget section */

/* Begin PBXProject section */
		45B3977821D4EA53002B2E54 /* Project object */ = {
			isa = PBXProject;
			attributes = {
				LastSwiftUpdateCheck = 0900;
				LastUpgradeCheck = 0900;
				ORGANIZATIONNAME = hs;
				TargetAttributes = {
					45B3977F21D4EA53002B2E54 = {
						CreatedOnToolsVersion = 9.0;
						ProvisioningStyle = Automatic;
					};
					45B3979921D4EA54002B2E54 = {
						CreatedOnToolsVersion = 9.0;
						ProvisioningStyle = Automatic;
						TestTargetID = 45B3977F21D4EA53002B2E54;
					};
					45B397A421D4EA54002B2E54 = {
						CreatedOnToolsVersion = 9.0;
						ProvisioningStyle = Automatic;
						TestTargetID = 45B3977F21D4EA53002B2E54;
					};
				};
			};
			buildConfigurationList = 45B3977B21D4EA53002B2E54 /* Build configuration list for PBXProject "DropCharge" */;
			compatibilityVersion = "Xcode 8.0";
			developmentRegion = en;
			hasScannedForEncodings = 0;
			knownRegions = (
				en,
				Base,
			);
			mainGroup = 45B3977721D4EA53002B2E54;
			productRefGroup = 45B3978121D4EA54002B2E54 /* Products */;
			projectDirPath = "";
			projectRoot = "";
			targets = (
				45B3977F21D4EA53002B2E54 /* DropCharge */,
				45B3979921D4EA54002B2E54 /* DropChargeTests */,
				45B397A421D4EA54002B2E54 /* DropChargeUITests */,
			);
		};
/* End PBXProject section */

/* Begin PBXResourcesBuildPhase section */
		45B3977E21D4EA53002B2E54 /* Resources */ = {
			isa = PBXResourcesBuildPhase;
			buildActionMask = 2147483647;
			files = (
				452AE33221D4F4EE00B6AAC2 /* CoinArrow.sks in Resources */,
				4569D2EF21D5B5D0004495BC /* Coin5Across.sks in Resources */,
				45B3978F21D4EA54002B2E54 /* Main.storyboard in Resources */,
				4569D2EC21D5B5D0004495BC /* PlatformDiagonal.sks in Resources */,
				4569D2ED21D5B5D0004495BC /* CoinSCross.sks in Resources */,
				45B3978621D4EA54002B2E54 /* GameScene.sks in Resources */,
				4569D2F021D5B5D0004495BC /* CoinSDiagonal.sks in Resources */,
				45B3979121D4EA54002B2E54 /* Assets.xcassets in Resources */,
				4569D2EE21D5B5D0004495BC /* PlatformArrow.sks in Resources */,
				4569D2AE21D5B265004495BC /* Break5Across.sks in Resources */,
				4569D2EA21D5B5D0004495BC /* CoinCross.sks in Resources */,
				4569D2E921D5B5D0004495BC /* BreakArrow.sks in Resources */,
				45B3979421D4EA54002B2E54 /* LaunchScreen.storyboard in Resources */,
				45B3978821D4EA54002B2E54 /* Actions.sks in Resources */,
				4569D2E621D5B5D0004495BC /* BreakDiagonal.sks in Resources */,
				4569D2E721D5B5D0004495BC /* CoinSArrow.sks in Resources */,
				4569D2EB21D5B5D0004495BC /* CoinS5Across.sks in Resources */,
				4569D2E821D5B5D0004495BC /* CoinDiagonal.sks in Resources */,
				452AE33021D4F42300B6AAC2 /* Platform5Across.sks in Resources */,
			);
			runOnlyForDeploymentPostprocessing = 0;
		};
		45B3979821D4EA54002B2E54 /* Resources */ = {
			isa = PBXResourcesBuildPhase;
			buildActionMask = 2147483647;
			files = (
			);
			runOnlyForDeploymentPostprocessing = 0;
		};
		45B397A321D4EA54002B2E54 /* Resources */ = {
			isa = PBXResourcesBuildPhase;
			buildActionMask = 2147483647;
			files = (
			);
			runOnlyForDeploymentPostprocessing = 0;
		};
/* End PBXResourcesBuildPhase section */

/* Begin PBXSourcesBuildPhase section */
		45B3977C21D4EA53002B2E54 /* Sources */ = {
			isa = PBXSourcesBuildPhase;
			buildActionMask = 2147483647;
			files = (
				45B3978A21D4EA54002B2E54 /* GameScene.swift in Sources */,
				452AE32321D4F10E00B6AAC2 /* CGPoint+Extensions.swift in Sources */,
				452AE32C21D4F10E00B6AAC2 /* SKTTimingFunctions.swift in Sources */,
				452AE32B21D4F10E00B6AAC2 /* SKTEffects.swift in Sources */,
				452AE32721D4F10E00B6AAC2 /* SKAction+SpecialEffects.swift in Sources */,
				452AE32421D4F10E00B6AAC2 /* CGVector+Extensions.swift in Sources */,
				452AE32621D4F10E00B6AAC2 /* SKAction+Extensions.swift in Sources */,
				452AE32821D4F10E00B6AAC2 /* SKColor+Extensions.swift in Sources */,
				45B3978C21D4EA54002B2E54 /* GameViewController.swift in Sources */,
				452AE32521D4F10E00B6AAC2 /* Int+Extensions.swift in Sources */,
				452AE32921D4F10E00B6AAC2 /* SKNode+Extensions.swift in Sources */,
				452AE32A21D4F10E00B6AAC2 /* SKTAudio.swift in Sources */,
				452AE32221D4F10E00B6AAC2 /* CGFloat+Extensions.swift in Sources */,
				452AE32D21D4F10E00B6AAC2 /* Vector3.swift in Sources */,
				45B3978421D4EA54002B2E54 /* AppDelegate.swift in Sources */,
			);
			runOnlyForDeploymentPostprocessing = 0;
		};
		45B3979621D4EA54002B2E54 /* Sources */ = {
			isa = PBXSourcesBuildPhase;
			buildActionMask = 2147483647;
			files = (
				45B3979F21D4EA54002B2E54 /* DropChargeTests.swift in Sources */,
			);
			runOnlyForDeploymentPostprocessing = 0;
		};
		45B397A121D4EA54002B2E54 /* Sources */ = {
			isa = PBXSourcesBuildPhase;
			buildActionMask = 2147483647;
			files = (
				45B397AA21D4EA54002B2E54 /* DropChargeUITests.swift in Sources */,
			);
			runOnlyForDeploymentPostprocessing = 0;
		};
/* End PBXSourcesBuildPhase section */

/* Begin PBXTargetDependency section */
		45B3979C21D4EA54002B2E54 /* PBXTargetDependency */ = {
			isa = PBXTargetDependency;
			target = 45B3977F21D4EA53002B2E54 /* DropCharge */;
			targetProxy = 45B3979B21D4EA54002B2E54 /* PBXContainerItemProxy */;
		};
		45B397A721D4EA54002B2E54 /* PBXTargetDependency */ = {
			isa = PBXTargetDependency;
			target = 45B3977F21D4EA53002B2E54 /* DropCharge */;
			targetProxy = 45B397A621D4EA54002B2E54 /* PBXContainerItemProxy */;
		};
/* End PBXTargetDependency section */

/* Begin PBXVariantGroup section */
		45B3978D21D4EA54002B2E54 /* Main.storyboard */ = {
			isa = PBXVariantGroup;
			children = (
				45B3978E21D4EA54002B2E54 /* Base */,
			);
			name = Main.storyboard;
			sourceTree = "<group>";
		};
		45B3979221D4EA54002B2E54 /* LaunchScreen.storyboard */ = {
			isa = PBXVariantGroup;
			children = (
				45B3979321D4EA54002B2E54 /* Base */,
			);
			name = LaunchScreen.storyboard;
			sourceTree = "<group>";
		};
/* End PBXVariantGroup section */

/* Begin XCBuildConfiguration section */
		45B397AC21D4EA54002B2E54 /* Debug */ = {
			isa = XCBuildConfiguration;
			buildSettings = {
				ALWAYS_SEARCH_USER_PATHS = NO;
				CLANG_ANALYZER_NONNULL = YES;
				CLANG_ANALYZER_NUMBER_OBJECT_CONVERSION = YES_AGGRESSIVE;
				CLANG_CXX_LANGUAGE_STANDARD = "gnu++14";
				CLANG_CXX_LIBRARY = "libc++";
				CLANG_ENABLE_MODULES = YES;
				CLANG_ENABLE_OBJC_ARC = YES;
				CLANG_WARN_BLOCK_CAPTURE_AUTORELEASING = YES;
				CLANG_WARN_BOOL_CONVERSION = YES;
				CLANG_WARN_COMMA = YES;
				CLANG_WARN_CONSTANT_CONVERSION = YES;
				CLANG_WARN_DIRECT_OBJC_ISA_USAGE = YES_ERROR;
				CLANG_WARN_DOCUMENTATION_COMMENTS = YES;
				CLANG_WARN_EMPTY_BODY = YES;
				CLANG_WARN_ENUM_CONVERSION = YES;
				CLANG_WARN_INFINITE_RECURSION = YES;
				CLANG_WARN_INT_CONVERSION = YES;
				CLANG_WARN_NON_LITERAL_NULL_CONVERSION = YES;
				CLANG_WARN_OBJC_LITERAL_CONVERSION = YES;
				CLANG_WARN_OBJC_ROOT_CLASS = YES_ERROR;
				CLANG_WARN_RANGE_LOOP_ANALYSIS = YES;
				CLANG_WARN_STRICT_PROTOTYPES = YES;
				CLANG_WARN_SUSPICIOUS_MOVE = YES;
				CLANG_WARN_UNGUARDED_AVAILABILITY = YES_AGGRESSIVE;
				CLANG_WARN_UNREACHABLE_CODE = YES;
				CLANG_WARN__DUPLICATE_METHOD_MATCH = YES;
				CODE_SIGN_IDENTITY = "iPhone Developer";
				COPY_PHASE_STRIP = NO;
				DEBUG_INFORMATION_FORMAT = dwarf;
				ENABLE_STRICT_OBJC_MSGSEND = YES;
				ENABLE_TESTABILITY = YES;
				GCC_C_LANGUAGE_STANDARD = gnu11;
				GCC_DYNAMIC_NO_PIC = NO;
				GCC_NO_COMMON_BLOCKS = YES;
				GCC_OPTIMIZATION_LEVEL = 0;
				GCC_PREPROCESSOR_DEFINITIONS = (
					"DEBUG=1",
					"$(inherited)",
				);
				GCC_WARN_64_TO_32_BIT_CONVERSION = YES;
				GCC_WARN_ABOUT_RETURN_TYPE = YES_ERROR;
				GCC_WARN_UNDECLARED_SELECTOR = YES;
				GCC_WARN_UNINITIALIZED_AUTOS = YES_AGGRESSIVE;
				GCC_WARN_UNUSED_FUNCTION = YES;
				GCC_WARN_UNUSED_VARIABLE = YES;
				IPHONEOS_DEPLOYMENT_TARGET = 11.0;
				MTL_ENABLE_DEBUG_INFO = YES;
				ONLY_ACTIVE_ARCH = YES;
				SDKROOT = iphoneos;
				SWIFT_ACTIVE_COMPILATION_CONDITIONS = DEBUG;
				SWIFT_OPTIMIZATION_LEVEL = "-Onone";
			};
			name = Debug;
		};
		45B397AD21D4EA54002B2E54 /* Release */ = {
			isa = XCBuildConfiguration;
			buildSettings = {
				ALWAYS_SEARCH_USER_PATHS = NO;
				CLANG_ANALYZER_NONNULL = YES;
				CLANG_ANALYZER_NUMBER_OBJECT_CONVERSION = YES_AGGRESSIVE;
				CLANG_CXX_LANGUAGE_STANDARD = "gnu++14";
				CLANG_CXX_LIBRARY = "libc++";
				CLANG_ENABLE_MODULES = YES;
				CLANG_ENABLE_OBJC_ARC = YES;
				CLANG_WARN_BLOCK_CAPTURE_AUTORELEASING = YES;
				CLANG_WARN_BOOL_CONVERSION = YES;
				CLANG_WARN_COMMA = YES;
				CLANG_WARN_CONSTANT_CONVERSION = YES;
				CLANG_WARN_DIRECT_OBJC_ISA_USAGE = YES_ERROR;
				CLANG_WARN_DOCUMENTATION_COMMENTS = YES;
				CLANG_WARN_EMPTY_BODY = YES;
				CLANG_WARN_ENUM_CONVERSION = YES;
				CLANG_WARN_INFINITE_RECURSION = YES;
				CLANG_WARN_INT_CONVERSION = YES;
				CLANG_WARN_NON_LITERAL_NULL_CONVERSION = YES;
				CLANG_WARN_OBJC_LITERAL_CONVERSION = YES;
				CLANG_WARN_OBJC_ROOT_CLASS = YES_ERROR;
				CLANG_WARN_RANGE_LOOP_ANALYSIS = YES;
				CLANG_WARN_STRICT_PROTOTYPES = YES;
				CLANG_WARN_SUSPICIOUS_MOVE = YES;
				CLANG_WARN_UNGUARDED_AVAILABILITY = YES_AGGRESSIVE;
				CLANG_WARN_UNREACHABLE_CODE = YES;
				CLANG_WARN__DUPLICATE_METHOD_MATCH = YES;
				CODE_SIGN_IDENTITY = "iPhone Developer";
				COPY_PHASE_STRIP = NO;
				DEBUG_INFORMATION_FORMAT = "dwarf-with-dsym";
				ENABLE_NS_ASSERTIONS = NO;
				ENABLE_STRICT_OBJC_MSGSEND = YES;
				GCC_C_LANGUAGE_STANDARD = gnu11;
				GCC_NO_COMMON_BLOCKS = YES;
				GCC_WARN_64_TO_32_BIT_CONVERSION = YES;
				GCC_WARN_ABOUT_RETURN_TYPE = YES_ERROR;
				GCC_WARN_UNDECLARED_SELECTOR = YES;
				GCC_WARN_UNINITIALIZED_AUTOS = YES_AGGRESSIVE;
				GCC_WARN_UNUSED_FUNCTION = YES;
				GCC_WARN_UNUSED_VARIABLE = YES;
				IPHONEOS_DEPLOYMENT_TARGET = 11.0;
				MTL_ENABLE_DEBUG_INFO = NO;
				SDKROOT = iphoneos;
				SWIFT_OPTIMIZATION_LEVEL = "-Owholemodule";
				VALIDATE_PRODUCT = YES;
			};
			name = Release;
		};
		45B397AF21D4EA54002B2E54 /* Debug */ = {
			isa = XCBuildConfiguration;
			buildSettings = {
				ASSETCATALOG_COMPILER_APPICON_NAME = AppIcon;
				CODE_SIGN_STYLE = Automatic;
				DEVELOPMENT_TEAM = 3M223CXMJ3;
				INFOPLIST_FILE = DropCharge/Info.plist;
				LD_RUNPATH_SEARCH_PATHS = "$(inherited) @executable_path/Frameworks";
				PRODUCT_BUNDLE_IDENTIFIER = com.personal.zombieKonga;
				PRODUCT_NAME = "$(TARGET_NAME)";
				SWIFT_VERSION = 4.0;
				TARGETED_DEVICE_FAMILY = "1,2";
			};
			name = Debug;
		};
		45B397B021D4EA54002B2E54 /* Release */ = {
			isa = XCBuildConfiguration;
			buildSettings = {
				ASSETCATALOG_COMPILER_APPICON_NAME = AppIcon;
				CODE_SIGN_STYLE = Automatic;
				DEVELOPMENT_TEAM = 3M223CXMJ3;
				INFOPLIST_FILE = DropCharge/Info.plist;
				LD_RUNPATH_SEARCH_PATHS = "$(inherited) @executable_path/Frameworks";
				PRODUCT_BUNDLE_IDENTIFIER = com.personal.zombieKonga;
				PRODUCT_NAME = "$(TARGET_NAME)";
				SWIFT_VERSION = 4.0;
				TARGETED_DEVICE_FAMILY = "1,2";
			};
			name = Release;
		};
		45B397B221D4EA54002B2E54 /* Debug */ = {
			isa = XCBuildConfiguration;
			buildSettings = {
				ALWAYS_EMBED_SWIFT_STANDARD_LIBRARIES = YES;
				BUNDLE_LOADER = "$(TEST_HOST)";
				CODE_SIGN_STYLE = Automatic;
				DEVELOPMENT_TEAM = 3M223CXMJ3;
				INFOPLIST_FILE = DropChargeTests/Info.plist;
				LD_RUNPATH_SEARCH_PATHS = "$(inherited) @executable_path/Frameworks @loader_path/Frameworks";
				PRODUCT_BUNDLE_IDENTIFIER = com.personal.zombieKonga.DropChargeTests;
				PRODUCT_NAME = "$(TARGET_NAME)";
				SWIFT_VERSION = 4.0;
				TARGETED_DEVICE_FAMILY = "1,2";
				TEST_HOST = "$(BUILT_PRODUCTS_DIR)/DropCharge.app/DropCharge";
			};
			name = Debug;
		};
		45B397B321D4EA54002B2E54 /* Release */ = {
			isa = XCBuildConfiguration;
			buildSettings = {
				ALWAYS_EMBED_SWIFT_STANDARD_LIBRARIES = YES;
				BUNDLE_LOADER = "$(TEST_HOST)";
				CODE_SIGN_STYLE = Automatic;
				DEVELOPMENT_TEAM = 3M223CXMJ3;
				INFOPLIST_FILE = DropChargeTests/Info.plist;
				LD_RUNPATH_SEARCH_PATHS = "$(inherited) @executable_path/Frameworks @loader_path/Frameworks";
				PRODUCT_BUNDLE_IDENTIFIER = com.personal.zombieKonga.DropChargeTests;
				PRODUCT_NAME = "$(TARGET_NAME)";
				SWIFT_VERSION = 4.0;
				TARGETED_DEVICE_FAMILY = "1,2";
				TEST_HOST = "$(BUILT_PRODUCTS_DIR)/DropCharge.app/DropCharge";
			};
			name = Release;
		};
		45B397B521D4EA54002B2E54 /* Debug */ = {
			isa = XCBuildConfiguration;
			buildSettings = {
				ALWAYS_EMBED_SWIFT_STANDARD_LIBRARIES = YES;
				CODE_SIGN_STYLE = Automatic;
				DEVELOPMENT_TEAM = 3M223CXMJ3;
				INFOPLIST_FILE = DropChargeUITests/Info.plist;
				LD_RUNPATH_SEARCH_PATHS = "$(inherited) @executable_path/Frameworks @loader_path/Frameworks";
				PRODUCT_BUNDLE_IDENTIFIER = com.personal.zombieKonga.DropChargeUITests;
				PRODUCT_NAME = "$(TARGET_NAME)";
				SWIFT_VERSION = 4.0;
				TARGETED_DEVICE_FAMILY = "1,2";
				TEST_TARGET_NAME = DropCharge;
			};
			name = Debug;
		};
		45B397B621D4EA54002B2E54 /* Release */ = {
			isa = XCBuildConfiguration;
			buildSettings = {
				ALWAYS_EMBED_SWIFT_STANDARD_LIBRARIES = YES;
				CODE_SIGN_STYLE = Automatic;
				DEVELOPMENT_TEAM = 3M223CXMJ3;
				INFOPLIST_FILE = DropChargeUITests/Info.plist;
				LD_RUNPATH_SEARCH_PATHS = "$(inherited) @executable_path/Frameworks @loader_path/Frameworks";
				PRODUCT_BUNDLE_IDENTIFIER = com.personal.zombieKonga.DropChargeUITests;
				PRODUCT_NAME = "$(TARGET_NAME)";
				SWIFT_VERSION = 4.0;
				TARGETED_DEVICE_FAMILY = "1,2";
				TEST_TARGET_NAME = DropCharge;
			};
			name = Release;
		};
/* End XCBuildConfiguration section */

/* Begin XCConfigurationList section */
		45B3977B21D4EA53002B2E54 /* Build configuration list for PBXProject "DropCharge" */ = {
			isa = XCConfigurationList;
			buildConfigurations = (
				45B397AC21D4EA54002B2E54 /* Debug */,
				45B397AD21D4EA54002B2E54 /* Release */,
			);
			defaultConfigurationIsVisible = 0;
			defaultConfigurationName = Release;
		};
		45B397AE21D4EA54002B2E54 /* Build configuration list for PBXNativeTarget "DropCharge" */ = {
			isa = XCConfigurationList;
			buildConfigurations = (
				45B397AF21D4EA54002B2E54 /* Debug */,
				45B397B021D4EA54002B2E54 /* Release */,
			);
			defaultConfigurationIsVisible = 0;
			defaultConfigurationName = Release;
		};
		45B397B121D4EA54002B2E54 /* Build configuration list for PBXNativeTarget "DropChargeTests" */ = {
			isa = XCConfigurationList;
			buildConfigurations = (
				45B397B221D4EA54002B2E54 /* Debug */,
				45B397B321D4EA54002B2E54 /* Release */,
			);
			defaultConfigurationIsVisible = 0;
			defaultConfigurationName = Release;
		};
		45B397B421D4EA54002B2E54 /* Build configuration list for PBXNativeTarget "DropChargeUITests" */ = {
			isa = XCConfigurationList;
			buildConfigurations = (
				45B397B521D4EA54002B2E54 /* Debug */,
				45B397B621D4EA54002B2E54 /* Release */,
			);
			defaultConfigurationIsVisible = 0;
			defaultConfigurationName = Release;
		};
/* End XCConfigurationList section */
	};
	rootObject = 45B3977821D4EA53002B2E54 /* Project object */;
}
